
Microsoft Visual Studio Solution File, Format Version 12.00
# Visual Studio Version 17
VisualStudioVersion = 17.6.33815.320
MinimumVisualStudioVersion = 10.0.40219.1
Project("{FAE04EC0-301F-11D3-BF4B-00C04F79EFBC}") = "MDLSoft.Windsor.AspNet", "MDLSoft.Windsor.AspNet\MDLSoft.Windsor.AspNet.csproj", "{215854D2-1F87-45DF-AA3F-42BF4B0828A9}"
EndProject
Global
	GlobalSection(SolutionConfigurationPlatforms) = preSolution
		Debug|Any CPU = Debug|Any CPU
		Release|Any CPU = Release|Any CPU
	EndGlobalSection
	GlobalSection(ProjectConfigurationPlatforms) = postSolution
		{215854D2-1F87-45DF-AA3F-42BF4B0828A9}.Debug|Any CPU.ActiveCfg = Debug|Any CPU
		{215854D2-1F87-45DF-AA3F-42BF4B0828A9}.Debug|Any CPU.Build.0 = Debug|Any CPU
		{215854D2-1F87-45DF-AA3F-42BF4B0828A9}.Release|Any CPU.ActiveCfg = Release|Any CPU
		{215854D2-1F87-45DF-AA3F-42BF4B0828A9}.Release|Any CPU.Build.0 = Release|Any CPU
	EndGlobalSection
	GlobalSection(SolutionProperties) = preSolution
		HideSolutionNode = FALSE
	EndGlobalSection
	GlobalSection(ExtensibilityGlobals) = postSolution
		SolutionGuid = {4E64F4D2-552C-463E-98D8-C521B356E6B7}
	EndGlobalSection
EndGlobal
